dependencies:
  espressif/esp-zboss-lib:
    component_hash: a9e17babb2d43edc4bb6bc320f88560860122ac97e8fd72d7d5d9b3cd1578607
    source:
      service_url: https://api.components.espressif.com/
      type: service
    version: 1.1.1
  espressif/esp-zigbee-lib:
    component_hash: a1a23f47316d2d44b1573459c8cf547da7f2c8ea987154ad8d28235db69f1481
    source:
      service_url: https://api.components.espressif.com/
      type: service
    version: 1.1.1
  idf:
    component_hash: null
    source:
      type: idf
    version: 5.1.2
manifest_hash: 980847a374bff42714e844d5ffe22aa047ffaf8dfb31237fb6b5dcf2d0995a4c
target: esp32c6
version: 1.0.0
